
Microsoft Visual Studio Solution File, Format Version 12.00
# Visual Studio Version 17
VisualStudioVersion = 17.7.34003.232
MinimumVisualStudioVersion = 10.0.40219.1
Project("{FAE04EC0-301F-11D3-BF4B-00C04F79EFBC}") = "Exceptions_Babcock_Olivia", "Exceptions_Babcock_Olivia\Exceptions_Babcock_Olivia.csproj", "{D4D7ACFB-1A05-40A6-9A92-E1A6B23F8F09}"
EndProject
Global
	GlobalSection(SolutionConfigurationPlatforms) = preSolution
		Debug|Any CPU = Debug|Any CPU
		Release|Any CPU = Release|Any CPU
	EndGlobalSection
	GlobalSection(ProjectConfigurationPlatforms) = postSolution
		{D4D7ACFB-1A05-40A6-9A92-E1A6B23F8F09}.Debug|Any CPU.ActiveCfg = Debug|Any CPU
		{D4D7ACFB-1A05-40A6-9A92-E1A6B23F8F09}.Debug|Any CPU.Build.0 = Debug|Any CPU
		{D4D7ACFB-1A05-40A6-9A92-E1A6B23F8F09}.Release|Any CPU.ActiveCfg = Release|Any CPU
		{D4D7ACFB-1A05-40A6-9A92-E1A6B23F8F09}.Release|Any CPU.Build.0 = Release|Any CPU
	EndGlobalSection
	GlobalSection(SolutionProperties) = preSolution
		HideSolutionNode = FALSE
	EndGlobalSection
	GlobalSection(ExtensibilityGlobals) = postSolution
		SolutionGuid = {C0DE97E8-A2E6-4B3B-874B-6D20CE6F6FA9}
	EndGlobalSection
EndGlobal
